
Microsoft Visual Studio Solution File, Format Version 12.00
# Visual Studio Version 17
VisualStudioVersion = 17.1.32328.378
MinimumVisualStudioVersion = 10.0.40219.1
Project("{FAE04EC0-301F-11D3-BF4B-00C04F79EFBC}") = "BinarySearchTree", "BinarySearchTree.csproj", "{A10B1CBE-23F2-4867-86DD-C0BE60BBEC50}"
EndProject
Global
	GlobalSection(SolutionConfigurationPlatforms) = preSolution
		Debug|Any CPU = Debug|Any CPU
		Release|Any CPU = Release|Any CPU
	EndGlobalSection
	GlobalSection(ProjectConfigurationPlatforms) = postSolution
		{A10B1CBE-23F2-4867-86DD-C0BE60BBEC50}.Debug|Any CPU.ActiveCfg = Debug|Any CPU
		{A10B1CBE-23F2-4867-86DD-C0BE60BBEC50}.Debug|Any CPU.Build.0 = Debug|Any CPU
		{A10B1CBE-23F2-4867-86DD-C0BE60BBEC50}.Release|Any CPU.ActiveCfg = Release|Any CPU
		{A10B1CBE-23F2-4867-86DD-C0BE60BBEC50}.Release|Any CPU.Build.0 = Release|Any CPU
	EndGlobalSection
	GlobalSection(SolutionProperties) = preSolution
		HideSolutionNode = FALSE
	EndGlobalSection
	GlobalSection(ExtensibilityGlobals) = postSolution
		SolutionGuid = {47479353-44F2-4460-919A-0E5346F032E5}
	EndGlobalSection
EndGlobal
